
Microsoft Visual Studio Solution File, Format Version 12.00
# Visual Studio 15
VisualStudioVersion = 15.0.28010.2041
MinimumVisualStudioVersion = 10.0.40219.1
Project("{2150E333-8FDC-42A3-9474-1A3956D46DE8}") = "src", "src", "{F4BE75B4-DE29-4738-8418-616185C07AF6}"
EndProject
Project("{2150E333-8FDC-42A3-9474-1A3956D46DE8}") = "test", "test", "{E9F1AE0F-F66D-4D9E-846A-65604996A1BC}"
EndProject
Project("{9A19103F-16F7-4668-BE54-9A1E7A4F7556}") = "Extensions", "src\Extensions\Extensions.csproj", "{E9A80410-A988-4051-833E-19DFC38BDEF7}"
EndProject
Project("{9A19103F-16F7-4668-BE54-9A1E7A4F7556}") = "ExtensionsTest", "test\ExtensionsTest\ExtensionsTest.csproj", "{44AEEE8B-3FB4-498B-8C86-EE05FDA198AC}"
EndProject
Project("{9A19103F-16F7-4668-BE54-9A1E7A4F7556}") = "Extensions.Sliding", "src\Extensions.Sliding\Extensions.Sliding.csproj", "{CAB3984D-476D-49E5-A164-1398B725E436}"
EndProject
Project("{9A19103F-16F7-4668-BE54-9A1E7A4F7556}") = "Extensions.GraphicUtils", "src\Extensions.GraphicUtils\Extensions.GraphicUtils.csproj", "{8546FFF0-704F-497A-B128-3D8C35A82257}"
EndProject
Project("{FAE04EC0-301F-11D3-BF4B-00C04F79EFBC}") = "Extensions.Http", "src\Extensions.Http\Extensions.Http.csproj", "{E1CEF8C3-0F60-49F7-9E9D-C021793510B1}"
EndProject
Global
	GlobalSection(SolutionConfigurationPlatforms) = preSolution
		Debug|Any CPU = Debug|Any CPU
		Release|Any CPU = Release|Any CPU
	EndGlobalSection
	GlobalSection(ProjectConfigurationPlatforms) = postSolution
		{E9A80410-A988-4051-833E-19DFC38BDEF7}.Debug|Any CPU.ActiveCfg = Debug|Any CPU
		{E9A80410-A988-4051-833E-19DFC38BDEF7}.Debug|Any CPU.Build.0 = Debug|Any CPU
		{E9A80410-A988-4051-833E-19DFC38BDEF7}.Release|Any CPU.ActiveCfg = Release|Any CPU
		{E9A80410-A988-4051-833E-19DFC38BDEF7}.Release|Any CPU.Build.0 = Release|Any CPU
		{44AEEE8B-3FB4-498B-8C86-EE05FDA198AC}.Debug|Any CPU.ActiveCfg = Debug|Any CPU
		{44AEEE8B-3FB4-498B-8C86-EE05FDA198AC}.Debug|Any CPU.Build.0 = Debug|Any CPU
		{44AEEE8B-3FB4-498B-8C86-EE05FDA198AC}.Release|Any CPU.ActiveCfg = Release|Any CPU
		{44AEEE8B-3FB4-498B-8C86-EE05FDA198AC}.Release|Any CPU.Build.0 = Release|Any CPU
		{CAB3984D-476D-49E5-A164-1398B725E436}.Debug|Any CPU.ActiveCfg = Debug|Any CPU
		{CAB3984D-476D-49E5-A164-1398B725E436}.Debug|Any CPU.Build.0 = Debug|Any CPU
		{CAB3984D-476D-49E5-A164-1398B725E436}.Release|Any CPU.ActiveCfg = Release|Any CPU
		{CAB3984D-476D-49E5-A164-1398B725E436}.Release|Any CPU.Build.0 = Release|Any CPU
		{8546FFF0-704F-497A-B128-3D8C35A82257}.Debug|Any CPU.ActiveCfg = Debug|Any CPU
		{8546FFF0-704F-497A-B128-3D8C35A82257}.Debug|Any CPU.Build.0 = Debug|Any CPU
		{8546FFF0-704F-497A-B128-3D8C35A82257}.Release|Any CPU.ActiveCfg = Release|Any CPU
		{8546FFF0-704F-497A-B128-3D8C35A82257}.Release|Any CPU.Build.0 = Release|Any CPU
		{E1CEF8C3-0F60-49F7-9E9D-C021793510B1}.Debug|Any CPU.ActiveCfg = Debug|Any CPU
		{E1CEF8C3-0F60-49F7-9E9D-C021793510B1}.Debug|Any CPU.Build.0 = Debug|Any CPU
		{E1CEF8C3-0F60-49F7-9E9D-C021793510B1}.Release|Any CPU.ActiveCfg = Release|Any CPU
		{E1CEF8C3-0F60-49F7-9E9D-C021793510B1}.Release|Any CPU.Build.0 = Release|Any CPU
	EndGlobalSection
	GlobalSection(SolutionProperties) = preSolution
		HideSolutionNode = FALSE
	EndGlobalSection
	GlobalSection(NestedProjects) = preSolution
		{E9A80410-A988-4051-833E-19DFC38BDEF7} = {F4BE75B4-DE29-4738-8418-616185C07AF6}
		{44AEEE8B-3FB4-498B-8C86-EE05FDA198AC} = {E9F1AE0F-F66D-4D9E-846A-65604996A1BC}
		{CAB3984D-476D-49E5-A164-1398B725E436} = {F4BE75B4-DE29-4738-8418-616185C07AF6}
		{8546FFF0-704F-497A-B128-3D8C35A82257} = {F4BE75B4-DE29-4738-8418-616185C07AF6}
		{E1CEF8C3-0F60-49F7-9E9D-C021793510B1} = {F4BE75B4-DE29-4738-8418-616185C07AF6}
	EndGlobalSection
	GlobalSection(ExtensibilityGlobals) = postSolution
		SolutionGuid = {11B04678-9BA9-4D56-AAF2-834DCAA2B71C}
	EndGlobalSection
EndGlobal
